// !$*UTF8*$!
{
	archiveVersion = 1;
	classes = {
	};
	objectVersion = 46;
	objects = {

/* Begin PBXBuildFile section */
		707129011DECB52E00AC1DFF /* Trie.cpp in Sources */ = {isa = PBXBuildFile; fileRef = 707128FF1DECB52E00AC1DFF /* Trie.cpp */; };
		707129041DECC0B200AC1DFF /* Hash.cpp in Sources */ = {isa = PBXBuildFile; fileRef = 707129021DECC0B200AC1DFF /* Hash.cpp */; };
		708997AB1DD2C99300696612 /* main.cpp in Sources */ = {isa = PBXBuildFile; fileRef = 708997AA1DD2C99300696612 /* main.cpp */; };
		708997B81DD2CD6100696612 /* List.cpp in Sources */ = {isa = PBXBuildFile; fileRef = 708997B61DD2CD6100696612 /* List.cpp */; };
		70F973901DD3BA6000C78C7D /* BTree.cpp in Sources */ = {isa = PBXBuildFile; fileRef = 70F9738E1DD3BA6000C78C7D /* BTree.cpp */; };
/* End PBXBuildFile section */

/* Begin PBXCopyFilesBuildPhase section */
		708997A51DD2C99300696612 /* CopyFiles */ = {
			isa = PBXCopyFilesBuildPhase;
			buildActionMask = 2147483647;
			dstPath = /usr/share/man/man1/;
			dstSubfolderSpec = 0;
			files = (
			);
			runOnlyForDeploymentPostprocessing = 1;
		};
/* End PBXCopyFilesBuildPhase section */

/* Begin PBXFileReference section */
		707128FF1DECB52E00AC1DFF /* Trie.cpp */ = {isa = PBXFileReference; fileEncoding = 4; lastKnownFileType = sourcecode.cpp.cpp; path = Trie.cpp; sourceTree = "<group>"; };
		707129001DECB52E00AC1DFF /* Trie.hpp */ = {isa = PBXFileReference; fileEncoding = 4; lastKnownFileType = sourcecode.cpp.h; path = Trie.hpp; sourceTree = "<group>"; };
		707129021DECC0B200AC1DFF /* Hash.cpp */ = {isa = PBXFileReference; fileEncoding = 4; lastKnownFileType = sourcecode.cpp.cpp; path = Hash.cpp; sourceTree = "<group>"; };
		707129031DECC0B200AC1DFF /* Hash.hpp */ = {isa = PBXFileReference; fileEncoding = 4; lastKnownFileType = sourcecode.cpp.h; path = Hash.hpp; sourceTree = "<group>"; };
		708997A71DD2C99300696612 /* BTree */ = {isa = PBXFileReference; explicitFileType = "compiled.mach-o.executable"; includeInIndex = 0; path = BTree; sourceTree = BUILT_PRODUCTS_DIR; };
		708997AA1DD2C99300696612 /* main.cpp */ = {isa = PBXFileReference; lastKnownFileType = sourcecode.cpp.cpp; path = main.cpp; sourceTree = "<group>"; };
		708997B21DD2CA3600696612 /* Header.h */ = {isa = PBXFileReference; lastKnownFileType = sourcecode.c.h; path = Header.h; sourceTree = "<group>"; };
		708997B61DD2CD6100696612 /* List.cpp */ = {isa = PBXFileReference; fileEncoding = 4; lastKnownFileType = sourcecode.cpp.cpp; path = List.cpp; sourceTree = "<group>"; };
		708997B71DD2CD6100696612 /* List.hpp */ = {isa = PBXFileReference; fileEncoding = 4; lastKnownFileType = sourcecode.cpp.h; path = List.hpp; sourceTree = "<group>"; };
		70F9738E1DD3BA6000C78C7D /* BTree.cpp */ = {isa = PBXFileReference; fileEncoding = 4; lastKnownFileType = sourcecode.cpp.cpp; path = BTree.cpp; sourceTree = "<group>"; };
		70F9738F1DD3BA6000C78C7D /* BTree.hpp */ = {isa = PBXFileReference; fileEncoding = 4; lastKnownFileType = sourcecode.cpp.h; path = BTree.hpp; sourceTree = "<group>"; };
/* End PBXFileReference section */

/* Begin PBXFrameworksBuildPhase section */
		708997A41DD2C99300696612 /* Frameworks */ = {
			isa = PBXFrameworksBuildPhase;
			buildActionMask = 2147483647;
			files = (
			);
			runOnlyForDeploymentPostprocessing = 0;
		};
/* End PBXFrameworksBuildPhase section */

/* Begin PBXGroup section */
		7089979E1DD2C99300696612 = {
			isa = PBXGroup;
			children = (
				708997A91DD2C99300696612 /* BTree */,
				708997A81DD2C99300696612 /* Products */,
			);
			sourceTree = "<group>";
		};
		708997A81DD2C99300696612 /* Products */ = {
			isa = PBXGroup;
			children = (
				708997A71DD2C99300696612 /* BTree */,
			);
			name = Products;
			sourceTree = "<group>";
		};
		708997A91DD2C99300696612 /* BTree */ = {
			isa = PBXGroup;
			children = (
				708997B11DD2CA2500696612 /* Head */,
				708997AA1DD2C99300696612 /* main.cpp */,
				708997B61DD2CD6100696612 /* List.cpp */,
				70F9738E1DD3BA6000C78C7D /* BTree.cpp */,
				707128FF1DECB52E00AC1DFF /* Trie.cpp */,
				707129021DECC0B200AC1DFF /* Hash.cpp */,
			);
			path = BTree;
			sourceTree = "<group>";
		};
		708997B11DD2CA2500696612 /* Head */ = {
			isa = PBXGroup;
			children = (
				708997B71DD2CD6100696612 /* List.hpp */,
				70F9738F1DD3BA6000C78C7D /* BTree.hpp */,
				708997B21DD2CA3600696612 /* Header.h */,
				707129031DECC0B200AC1DFF /* Hash.hpp */,
				707129001DECB52E00AC1DFF /* Trie.hpp */,
			);
			name = Head;
			sourceTree = "<group>";
		};
/* End PBXGroup section */

/* Begin PBXNativeTarget section */
		708997A61DD2C99300696612 /* BTree */ = {
			isa = PBXNativeTarget;
			buildConfigurationList = 708997AE1DD2C99300696612 /* Build configuration list for PBXNativeTarget "BTree" */;
			buildPhases = (
				708997A31DD2C99300696612 /* Sources */,
				708997A41DD2C99300696612 /* Frameworks */,
				708997A51DD2C99300696612 /* CopyFiles */,
			);
			buildRules = (
			);
			dependencies = (
			);
			name = BTree;
			productName = BTree;
			productReference = 708997A71DD2C99300696612 /* BTree */;
			productType = "com.apple.product-type.tool";
		};
/* End PBXNativeTarget section */

/* Begin PBXProject section */
		7089979F1DD2C99300696612 /* Project object */ = {
			isa = PBXProject;
			attributes = {
				LastUpgradeCheck = 0800;
				ORGANIZATIONNAME = gu;
				TargetAttributes = {
					708997A61DD2C99300696612 = {
						CreatedOnToolsVersion = 8.0;
						ProvisioningStyle = Automatic;
					};
				};
			};
			buildConfigurationList = 708997A21DD2C99300696612 /* Build configuration list for PBXProject "BTree" */;
			compatibilityVersion = "Xcode 3.2";
			developmentRegion = English;
			hasScannedForEncodings = 0;
			knownRegions = (
				en,
			);
			mainGroup = 7089979E1DD2C99300696612;
			productRefGroup = 708997A81DD2C99300696612 /* Products */;
			projectDirPath = "";
			projectRoot = "";
			targets = (
				708997A61DD2C99300696612 /* BTree */,
			);
		};
/* End PBXProject section */

/* Begin PBXSourcesBuildPhase section */
		708997A31DD2C99300696612 /* Sources */ = {
			isa = PBXSourcesBuildPhase;
			buildActionMask = 2147483647;
			files = (
				708997AB1DD2C99300696612 /* main.cpp in Sources */,
				707129011DECB52E00AC1DFF /* Trie.cpp in Sources */,
				70F973901DD3BA6000C78C7D /* BTree.cpp in Sources */,
				708997B81DD2CD6100696612 /* List.cpp in Sources */,
				707129041DECC0B200AC1DFF /* Hash.cpp in Sources */,
			);
			runOnlyForDeploymentPostprocessing = 0;
		};
/* End PBXSourcesBuildPhase section */

/* Begin XCBuildConfiguration section */
		708997AC1DD2C99300696612 /* Debug */ = {
			isa = XCBuildConfiguration;
			buildSettings = {
				ALWAYS_SEARCH_USER_PATHS = NO;
				CLANG_ANALYZER_NONNULL = YES;
				CLANG_CXX_LANGUAGE_STANDARD = "gnu++0x";
				CLANG_CXX_LIBRARY = "libc++";
				CLANG_ENABLE_MODULES = YES;
				CLANG_ENABLE_OBJC_ARC = YES;
				CLANG_WARN_BOOL_CONVERSION = YES;
				CLANG_WARN_CONSTANT_CONVERSION = YES;
				CLANG_WARN_DIRECT_OBJC_ISA_USAGE = YES_ERROR;
				CLANG_WARN_DOCUMENTATION_COMMENTS = YES;
				CLANG_WARN_EMPTY_BODY = YES;
				CLANG_WARN_ENUM_CONVERSION = YES;
				CLANG_WARN_INFINITE_RECURSION = YES;
				CLANG_WARN_INT_CONVERSION = YES;
				CLANG_WARN_OBJC_ROOT_CLASS = YES_ERROR;
				CLANG_WARN_SUSPICIOUS_MOVES = YES;
				CLANG_WARN_UNREACHABLE_CODE = YES;
				CLANG_WARN__DUPLICATE_METHOD_MATCH = YES;
				CODE_SIGN_IDENTITY = "-";
				COPY_PHASE_STRIP = NO;
				DEBUG_INFORMATION_FORMAT = dwarf;
				ENABLE_STRICT_OBJC_MSGSEND = YES;
				ENABLE_TESTABILITY = YES;
				GCC_C_LANGUAGE_STANDARD = gnu99;
				GCC_DYNAMIC_NO_PIC = NO;
				GCC_NO_COMMON_BLOCKS = YES;
				GCC_OPTIMIZATION_LEVEL = 0;
				GCC_PREPROCESSOR_DEFINITIONS = (
					"DEBUG=1",
					"$(inherited)",
				);
				GCC_WARN_64_TO_32_BIT_CONVERSION = YES;
				GCC_WARN_ABOUT_RETURN_TYPE = YES_ERROR;
				GCC_WARN_UNDECLARED_SELECTOR = YES;
				GCC_WARN_UNINITIALIZED_AUTOS = YES_AGGRESSIVE;
				GCC_WARN_UNUSED_FUNCTION = YES;
				GCC_WARN_UNUSED_VARIABLE = YES;
				MACOSX_DEPLOYMENT_TARGET = 10.12;
				MTL_ENABLE_DEBUG_INFO = YES;
				ONLY_ACTIVE_ARCH = YES;
				SDKROOT = macosx;
			};
			name = Debug;
		};
		708997AD1DD2C99300696612 /* Release */ = {
			isa = XCBuildConfiguration;
			buildSettings = {
				ALWAYS_SEARCH_USER_PATHS = NO;
				CLANG_ANALYZER_NONNULL = YES;
				CLANG_CXX_LANGUAGE_STANDARD = "gnu++0x";
				CLANG_CXX_LIBRARY = "libc++";
				CLANG_ENABLE_MODULES = YES;
				CLANG_ENABLE_OBJC_ARC = YES;
				CLANG_WARN_BOOL_CONVERSION = YES;
				CLANG_WARN_CONSTANT_CONVERSION = YES;
				CLANG_WARN_DIRECT_OBJC_ISA_USAGE = YES_ERROR;
				CLANG_WARN_DOCUMENTATION_COMMENTS = YES;
				CLANG_WARN_EMPTY_BODY = YES;
				CLANG_WARN_ENUM_CONVERSION = YES;
				CLANG_WARN_INFINITE_RECURSION = YES;
				CLANG_WARN_INT_CONVERSION = YES;
				CLANG_WARN_OBJC_ROOT_CLASS = YES_ERROR;
				CLANG_WARN_SUSPICIOUS_MOVES = YES;
				CLANG_WARN_UNREACHABLE_CODE = YES;
				CLANG_WARN__DUPLICATE_METHOD_MATCH = YES;
				CODE_SIGN_IDENTITY = "-";
				COPY_PHASE_STRIP = NO;
				DEBUG_INFORMATION_FORMAT = "dwarf-with-dsym";
				ENABLE_NS_ASSERTIONS = NO;
				ENABLE_STRICT_OBJC_MSGSEND = YES;
				GCC_C_LANGUAGE_STANDARD = gnu99;
				GCC_NO_COMMON_BLOCKS = YES;
				GCC_WARN_64_TO_32_BIT_CONVERSION = YES;
				GCC_WARN_ABOUT_RETURN_TYPE = YES_ERROR;
				GCC_WARN_UNDECLARED_SELECTOR = YES;
				GCC_WARN_UNINITIALIZED_AUTOS = YES_AGGRESSIVE;
				GCC_WARN_UNUSED_FUNCTION = YES;
				GCC_WARN_UNUSED_VARIABLE = YES;
				MACOSX_DEPLOYMENT_TARGET = 10.12;
				MTL_ENABLE_DEBUG_INFO = NO;
				SDKROOT = macosx;
			};
			name = Release;
		};
		708997AF1DD2C99300696612 /* Debug */ = {
			isa = XCBuildConfiguration;
			buildSettings = {
				PRODUCT_NAME = "$(TARGET_NAME)";
			};
			name = Debug;
		};
		708997B01DD2C99300696612 /* Release */ = {
			isa = XCBuildConfiguration;
			buildSettings = {
				PRODUCT_NAME = "$(TARGET_NAME)";
			};
			name = Release;
		};
/* End XCBuildConfiguration section */

/* Begin XCConfigurationList section */
		708997A21DD2C99300696612 /* Build configuration list for PBXProject "BTree" */ = {
			isa = XCConfigurationList;
			buildConfigurations = (
				708997AC1DD2C99300696612 /* Debug */,
				708997AD1DD2C99300696612 /* Release */,
			);
			defaultConfigurationIsVisible = 0;
			defaultConfigurationName = Release;
		};
		708997AE1DD2C99300696612 /* Build configuration list for PBXNativeTarget "BTree" */ = {
			isa = XCConfigurationList;
			buildConfigurations = (
				708997AF1DD2C99300696612 /* Debug */,
				708997B01DD2C99300696612 /* Release */,
			);
			defaultConfigurationIsVisible = 0;
			defaultConfigurationName = Release;
		};
/* End XCConfigurationList section */
	};
	rootObject = 7089979F1DD2C99300696612 /* Project object */;
}
